# THIS IS AN AUTOGENERATED FILE. DO NOT EDIT THIS FILE DIRECTLY.
# yarn lockfile v1


"prettier@npm:@brigad/prettier":
  version "1.19.1"
  resolved "https://registry.yarnpkg.com/@brigad/prettier/-/prettier-1.19.1.tgz#fa1abf99f8569313a31158e92890d9d56a205364"
  integrity sha512-zxoMArk+TeQ8P13bCQ2nsl9/ILvHUq+wngEyRZj+03rLPeZTPhNJ0QwVG8YFNvf57zlZzusRfZJvvbLLGKo5rQ==

typescript@3.7.4:
  version "3.7.4"
  resolved "https://registry.yarnpkg.com/typescript/-/typescript-3.7.4.tgz#1743a5ec5fef6a1fa9f3e4708e33c81c73876c19"
  integrity sha512-A25xv5XCtarLwXpcDNZzCGvW2D1S3/bACratYBx2sax8PefsFhlYmkQicKHvpYflFS8if4zne5zT5kpJ7pzuvw==
